
Microsoft Visual Studio Solution File, Format Version 12.00
# Visual Studio 15
VisualStudioVersion = 15.0.28010.2036
MinimumVisualStudioVersion = 10.0.40219.1
Project("{FAE04EC0-301F-11D3-BF4B-00C04F79EFBC}") = "projetoTeste-git", "projetoTeste-git\projetoTeste-git.csproj", "{A96FE036-CC7A-4534-B4A3-F50E28A917AF}"
EndProject
Global
	GlobalSection(SolutionConfigurationPlatforms) = preSolution
		Debug|Any CPU = Debug|Any CPU
		Release|Any CPU = Release|Any CPU
	EndGlobalSection
	GlobalSection(ProjectConfigurationPlatforms) = postSolution
		{A96FE036-CC7A-4534-B4A3-F50E28A917AF}.Debug|Any CPU.ActiveCfg = Debug|Any CPU
		{A96FE036-CC7A-4534-B4A3-F50E28A917AF}.Debug|Any CPU.Build.0 = Debug|Any CPU
		{A96FE036-CC7A-4534-B4A3-F50E28A917AF}.Release|Any CPU.ActiveCfg = Release|Any CPU
		{A96FE036-CC7A-4534-B4A3-F50E28A917AF}.Release|Any CPU.Build.0 = Release|Any CPU
	EndGlobalSection
	GlobalSection(SolutionProperties) = preSolution
		HideSolutionNode = FALSE
	EndGlobalSection
	GlobalSection(ExtensibilityGlobals) = postSolution
		SolutionGuid = {E2A9AFE7-01FE-4ABE-8D36-B6B16D361DA9}
	EndGlobalSection
EndGlobal
